// !$*UTF8*$!
{
	archiveVersion = 1;
	classes = {
	};
	objectVersion = 56;
	objects = {

/* Begin PBXBuildFile section */
		A00F19BB2C1DB9CA007BACE1 /* BankingApp_IOSApp.swift in Sources */ = {isa = PBXBuildFile; fileRef = A00F19BA2C1DB9CA007BACE1 /* BankingApp_IOSApp.swift */; };
		A00F19BD2C1DB9CA007BACE1 /* ContentView.swift in Sources */ = {isa = PBXBuildFile; fileRef = A00F19BC2C1DB9CA007BACE1 /* ContentView.swift */; };
		A00F19BF2C1DB9CC007BACE1 /* Assets.xcassets in Resources */ = {isa = PBXBuildFile; fileRef = A00F19BE2C1DB9CC007BACE1 /* Assets.xcassets */; };
		A00F19C22C1DB9CC007BACE1 /* Preview Assets.xcassets in Resources */ = {isa = PBXBuildFile; fileRef = A00F19C12C1DB9CC007BACE1 /* Preview Assets.xcassets */; };
		A00F19CC2C1DB9CC007BACE1 /* BankingApp_IOSTests.swift in Sources */ = {isa = PBXBuildFile; fileRef = A00F19CB2C1DB9CC007BACE1 /* BankingApp_IOSTests.swift */; };
		A00F19D62C1DB9CC007BACE1 /* BankingApp_IOSUITests.swift in Sources */ = {isa = PBXBuildFile; fileRef = A00F19D52C1DB9CC007BACE1 /* BankingApp_IOSUITests.swift */; };
		A00F19D82C1DB9CC007BACE1 /* BankingApp_IOSUITestsLaunchTests.swift in Sources */ = {isa = PBXBuildFile; fileRef = A00F19D72C1DB9CC007BACE1 /* BankingApp_IOSUITestsLaunchTests.swift */; };
		A00F19E52C1DC494007BACE1 /* HomePageView.swift in Sources */ = {isa = PBXBuildFile; fileRef = A00F19E42C1DC494007BACE1 /* HomePageView.swift */; };
		A00F19E82C1DC682007BACE1 /* AuthenticationPageView.swift in Sources */ = {isa = PBXBuildFile; fileRef = A00F19E72C1DC682007BACE1 /* AuthenticationPageView.swift */; };
		A00F19EA2C1DC6E7007BACE1 /* ProfilePageView.swift in Sources */ = {isa = PBXBuildFile; fileRef = A00F19E92C1DC6E7007BACE1 /* ProfilePageView.swift */; };
		A00F19ED2C1DC771007BACE1 /* AccountPreviewView.swift in Sources */ = {isa = PBXBuildFile; fileRef = A00F19EC2C1DC771007BACE1 /* AccountPreviewView.swift */; };
		A00F19EF2C1DCCF4007BACE1 /* LogInPageView.swift in Sources */ = {isa = PBXBuildFile; fileRef = A00F19EE2C1DCCF4007BACE1 /* LogInPageView.swift */; };
		A00F19F12C1DD07A007BACE1 /* Models.swift in Sources */ = {isa = PBXBuildFile; fileRef = A00F19F02C1DD07A007BACE1 /* Models.swift */; };
		A0A2743F2C206FB800515B28 /* HomePageViewModel.swift in Sources */ = {isa = PBXBuildFile; fileRef = A0A2743E2C206FB800515B28 /* HomePageViewModel.swift */; };
		A0A274422C20704E00515B28 /* AccountsNetworkManager.swift in Sources */ = {isa = PBXBuildFile; fileRef = A0A274412C20704E00515B28 /* AccountsNetworkManager.swift */; };
		A0A274442C20721E00515B28 /* AuthenticationNetworkManager.swift in Sources */ = {isa = PBXBuildFile; fileRef = A0A274432C20721E00515B28 /* AuthenticationNetworkManager.swift */; };
		A0A274462C20742700515B28 /* NetworkError.swift in Sources */ = {isa = PBXBuildFile; fileRef = A0A274452C20742700515B28 /* NetworkError.swift */; };
		A0A274482C207D9600515B28 /* LogInViewModel.swift in Sources */ = {isa = PBXBuildFile; fileRef = A0A274472C207D9600515B28 /* LogInViewModel.swift */; };
		A0A2744A2C20877200515B28 /* LoadingSpinner.swift in Sources */ = {isa = PBXBuildFile; fileRef = A0A274492C20877200515B28 /* LoadingSpinner.swift */; };
		A0A2744C2C208A6B00515B28 /* AuthenticationContextHolder.swift in Sources */ = {isa = PBXBuildFile; fileRef = A0A2744B2C208A6B00515B28 /* AuthenticationContextHolder.swift */; };
		A0A2744E2C21A33B00515B28 /* CookieManager.swift in Sources */ = {isa = PBXBuildFile; fileRef = A0A2744D2C21A33B00515B28 /* CookieManager.swift */; };
		A0A274502C24702300515B28 /* BiometricAuth.swift in Sources */ = {isa = PBXBuildFile; fileRef = A0A2744F2C24702300515B28 /* BiometricAuth.swift */; };
		A0A274532C24758300515B28 /* WaintingForLocalAuthentication.swift in Sources */ = {isa = PBXBuildFile; fileRef = A0A274522C24758300515B28 /* WaintingForLocalAuthentication.swift */; };
		A0A274552C25585700515B28 /* AccountPage.swift in Sources */ = {isa = PBXBuildFile; fileRef = A0A274542C25585700515B28 /* AccountPage.swift */; };
		A0A274572C25719100515B28 /* EditProfilePage.swift in Sources */ = {isa = PBXBuildFile; fileRef = A0A274562C25719100515B28 /* EditProfilePage.swift */; };
/* End PBXBuildFile section */

/* Begin PBXContainerItemProxy section */
		A00F19C82C1DB9CC007BACE1 /* PBXContainerItemProxy */ = {
			isa = PBXContainerItemProxy;
			containerPortal = A00F19AF2C1DB9CA007BACE1 /* Project object */;
			proxyType = 1;
			remoteGlobalIDString = A00F19B62C1DB9CA007BACE1;
			remoteInfo = BankingApp_IOS;
		};
		A00F19D22C1DB9CC007BACE1 /* PBXContainerItemProxy */ = {
			isa = PBXContainerItemProxy;
			containerPortal = A00F19AF2C1DB9CA007BACE1 /* Project object */;
			proxyType = 1;
			remoteGlobalIDString = A00F19B62C1DB9CA007BACE1;
			remoteInfo = BankingApp_IOS;
		};
/* End PBXContainerItemProxy section */

/* Begin PBXFileReference section */
		A00F19B72C1DB9CA007BACE1 /* BankingApp_IOS.app */ = {isa = PBXFileReference; explicitFileType = wrapper.application; includeInIndex = 0; path = BankingApp_IOS.app; sourceTree = BUILT_PRODUCTS_DIR; };
		A00F19BA2C1DB9CA007BACE1 /* BankingApp_IOSApp.swift */ = {isa = PBXFileReference; lastKnownFileType = sourcecode.swift; path = BankingApp_IOSApp.swift; sourceTree = "<group>"; };
		A00F19BC2C1DB9CA007BACE1 /* ContentView.swift */ = {isa = PBXFileReference; lastKnownFileType = sourcecode.swift; path = ContentView.swift; sourceTree = "<group>"; };
		A00F19BE2C1DB9CC007BACE1 /* Assets.xcassets */ = {isa = PBXFileReference; lastKnownFileType = folder.assetcatalog; path = Assets.xcassets; sourceTree = "<group>"; };
		A00F19C12C1DB9CC007BACE1 /* Preview Assets.xcassets */ = {isa = PBXFileReference; lastKnownFileType = folder.assetcatalog; path = "Preview Assets.xcassets"; sourceTree = "<group>"; };
		A00F19C72C1DB9CC007BACE1 /* BankingApp_IOSTests.xctest */ = {isa = PBXFileReference; explicitFileType = wrapper.cfbundle; includeInIndex = 0; path = BankingApp_IOSTests.xctest; sourceTree = BUILT_PRODUCTS_DIR; };
		A00F19CB2C1DB9CC007BACE1 /* BankingApp_IOSTests.swift */ = {isa = PBXFileReference; lastKnownFileType = sourcecode.swift; path = BankingApp_IOSTests.swift; sourceTree = "<group>"; };
		A00F19D12C1DB9CC007BACE1 /* BankingApp_IOSUITests.xctest */ = {isa = PBXFileReference; explicitFileType = wrapper.cfbundle; includeInIndex = 0; path = BankingApp_IOSUITests.xctest; sourceTree = BUILT_PRODUCTS_DIR; };
		A00F19D52C1DB9CC007BACE1 /* BankingApp_IOSUITests.swift */ = {isa = PBXFileReference; lastKnownFileType = sourcecode.swift; path = BankingApp_IOSUITests.swift; sourceTree = "<group>"; };
		A00F19D72C1DB9CC007BACE1 /* BankingApp_IOSUITestsLaunchTests.swift */ = {isa = PBXFileReference; lastKnownFileType = sourcecode.swift; path = BankingApp_IOSUITestsLaunchTests.swift; sourceTree = "<group>"; };
		A00F19E42C1DC494007BACE1 /* HomePageView.swift */ = {isa = PBXFileReference; lastKnownFileType = sourcecode.swift; path = HomePageView.swift; sourceTree = "<group>"; };
		A00F19E72C1DC682007BACE1 /* AuthenticationPageView.swift */ = {isa = PBXFileReference; lastKnownFileType = sourcecode.swift; path = AuthenticationPageView.swift; sourceTree = "<group>"; };
		A00F19E92C1DC6E7007BACE1 /* ProfilePageView.swift */ = {isa = PBXFileReference; lastKnownFileType = sourcecode.swift; path = ProfilePageView.swift; sourceTree = "<group>"; };
		A00F19EC2C1DC771007BACE1 /* AccountPreviewView.swift */ = {isa = PBXFileReference; lastKnownFileType = sourcecode.swift; path = AccountPreviewView.swift; sourceTree = "<group>"; };
		A00F19EE2C1DCCF4007BACE1 /* LogInPageView.swift */ = {isa = PBXFileReference; lastKnownFileType = sourcecode.swift; path = LogInPageView.swift; sourceTree = "<group>"; };
		A00F19F02C1DD07A007BACE1 /* Models.swift */ = {isa = PBXFileReference; lastKnownFileType = sourcecode.swift; path = Models.swift; sourceTree = "<group>"; };
		A0A2743E2C206FB800515B28 /* HomePageViewModel.swift */ = {isa = PBXFileReference; lastKnownFileType = sourcecode.swift; path = HomePageViewModel.swift; sourceTree = "<group>"; };
		A0A274412C20704E00515B28 /* AccountsNetworkManager.swift */ = {isa = PBXFileReference; lastKnownFileType = sourcecode.swift; path = AccountsNetworkManager.swift; sourceTree = "<group>"; };
		A0A274432C20721E00515B28 /* AuthenticationNetworkManager.swift */ = {isa = PBXFileReference; lastKnownFileType = sourcecode.swift; path = AuthenticationNetworkManager.swift; sourceTree = "<group>"; };
		A0A274452C20742700515B28 /* NetworkError.swift */ = {isa = PBXFileReference; lastKnownFileType = sourcecode.swift; path = NetworkError.swift; sourceTree = "<group>"; };
		A0A274472C207D9600515B28 /* LogInViewModel.swift */ = {isa = PBXFileReference; lastKnownFileType = sourcecode.swift; path = LogInViewModel.swift; sourceTree = "<group>"; };
		A0A274492C20877200515B28 /* LoadingSpinner.swift */ = {isa = PBXFileReference; lastKnownFileType = sourcecode.swift; path = LoadingSpinner.swift; sourceTree = "<group>"; };
		A0A2744B2C208A6B00515B28 /* AuthenticationContextHolder.swift */ = {isa = PBXFileReference; lastKnownFileType = sourcecode.swift; path = AuthenticationContextHolder.swift; sourceTree = "<group>"; };
		A0A2744D2C21A33B00515B28 /* CookieManager.swift */ = {isa = PBXFileReference; lastKnownFileType = sourcecode.swift; path = CookieManager.swift; sourceTree = "<group>"; };
		A0A2744F2C24702300515B28 /* BiometricAuth.swift */ = {isa = PBXFileReference; lastKnownFileType = sourcecode.swift; path = BiometricAuth.swift; sourceTree = "<group>"; };
		A0A274512C24722200515B28 /* BankingApp-IOS-Info.plist */ = {isa = PBXFileReference; lastKnownFileType = text.plist; path = "BankingApp-IOS-Info.plist"; sourceTree = SOURCE_ROOT; };
		A0A274522C24758300515B28 /* WaintingForLocalAuthentication.swift */ = {isa = PBXFileReference; lastKnownFileType = sourcecode.swift; path = WaintingForLocalAuthentication.swift; sourceTree = "<group>"; };
		A0A274542C25585700515B28 /* AccountPage.swift */ = {isa = PBXFileReference; lastKnownFileType = sourcecode.swift; path = AccountPage.swift; sourceTree = "<group>"; };
		A0A274562C25719100515B28 /* EditProfilePage.swift */ = {isa = PBXFileReference; lastKnownFileType = sourcecode.swift; path = EditProfilePage.swift; sourceTree = "<group>"; };
/* End PBXFileReference section */

/* Begin PBXFrameworksBuildPhase section */
		A00F19B42C1DB9CA007BACE1 /* Frameworks */ = {
			isa = PBXFrameworksBuildPhase;
			buildActionMask = 2147483647;
			files = (
			);
			runOnlyForDeploymentPostprocessing = 0;
		};
		A00F19C42C1DB9CC007BACE1 /* Frameworks */ = {
			isa = PBXFrameworksBuildPhase;
			buildActionMask = 2147483647;
			files = (
			);
			runOnlyForDeploymentPostprocessing = 0;
		};
		A00F19CE2C1DB9CC007BACE1 /* Frameworks */ = {
			isa = PBXFrameworksBuildPhase;
			buildActionMask = 2147483647;
			files = (
			);
			runOnlyForDeploymentPostprocessing = 0;
		};
/* End PBXFrameworksBuildPhase section */

/* Begin PBXGroup section */
		A00F19AE2C1DB9CA007BACE1 = {
			isa = PBXGroup;
			children = (
				A00F19B92C1DB9CA007BACE1 /* BankingApp_IOS */,
				A00F19CA2C1DB9CC007BACE1 /* BankingApp_IOSTests */,
				A00F19D42C1DB9CC007BACE1 /* BankingApp_IOSUITests */,
				A00F19B82C1DB9CA007BACE1 /* Products */,
			);
			sourceTree = "<group>";
		};
		A00F19B82C1DB9CA007BACE1 /* Products */ = {
			isa = PBXGroup;
			children = (
				A00F19B72C1DB9CA007BACE1 /* BankingApp_IOS.app */,
				A00F19C72C1DB9CC007BACE1 /* BankingApp_IOSTests.xctest */,
				A00F19D12C1DB9CC007BACE1 /* BankingApp_IOSUITests.xctest */,
			);
			name = Products;
			sourceTree = "<group>";
		};
		A00F19B92C1DB9CA007BACE1 /* BankingApp_IOS */ = {
			isa = PBXGroup;
			children = (
				A0A274512C24722200515B28 /* BankingApp-IOS-Info.plist */,
				A0A274402C20701600515B28 /* NetworkManager */,
				A0A2743D2C206F9400515B28 /* ViewModel */,
				A0A2743B2C206D0300515B28 /* Views */,
				A00F19F02C1DD07A007BACE1 /* Models.swift */,
				A00F19BE2C1DB9CC007BACE1 /* Assets.xcassets */,
				A00F19BA2C1DB9CA007BACE1 /* BankingApp_IOSApp.swift */,
				A00F19C02C1DB9CC007BACE1 /* Preview Content */,
				A0A274452C20742700515B28 /* NetworkError.swift */,
				A0A2744B2C208A6B00515B28 /* AuthenticationContextHolder.swift */,
				A0A2744D2C21A33B00515B28 /* CookieManager.swift */,
				A0A2744F2C24702300515B28 /* BiometricAuth.swift */,
				A0A274522C24758300515B28 /* WaintingForLocalAuthentication.swift */,
			);
			path = BankingApp_IOS;
			sourceTree = "<group>";
		};
		A00F19C02C1DB9CC007BACE1 /* Preview Content */ = {
			isa = PBXGroup;
			children = (
				A00F19C12C1DB9CC007BACE1 /* Preview Assets.xcassets */,
			);
			path = "Preview Content";
			sourceTree = "<group>";
		};
		A00F19CA2C1DB9CC007BACE1 /* BankingApp_IOSTests */ = {
			isa = PBXGroup;
			children = (
				A00F19CB2C1DB9CC007BACE1 /* BankingApp_IOSTests.swift */,
			);
			path = BankingApp_IOSTests;
			sourceTree = "<group>";
		};
		A00F19D42C1DB9CC007BACE1 /* BankingApp_IOSUITests */ = {
			isa = PBXGroup;
			children = (
				A00F19D52C1DB9CC007BACE1 /* BankingApp_IOSUITests.swift */,
				A00F19D72C1DB9CC007BACE1 /* BankingApp_IOSUITestsLaunchTests.swift */,
			);
			path = BankingApp_IOSUITests;
			sourceTree = "<group>";
		};
		A0A2743B2C206D0300515B28 /* Views */ = {
			isa = PBXGroup;
			children = (
				A0A2743C2C206DA700515B28 /* PageViews */,
				A00F19EC2C1DC771007BACE1 /* AccountPreviewView.swift */,
				A0A274492C20877200515B28 /* LoadingSpinner.swift */,
			);
			path = Views;
			sourceTree = "<group>";
		};
		A0A2743C2C206DA700515B28 /* PageViews */ = {
			isa = PBXGroup;
			children = (
				A00F19BC2C1DB9CA007BACE1 /* ContentView.swift */,
				A00F19E72C1DC682007BACE1 /* AuthenticationPageView.swift */,
				A00F19E42C1DC494007BACE1 /* HomePageView.swift */,
				A00F19E92C1DC6E7007BACE1 /* ProfilePageView.swift */,
				A00F19EE2C1DCCF4007BACE1 /* LogInPageView.swift */,
				A0A274542C25585700515B28 /* AccountPage.swift */,
				A0A274562C25719100515B28 /* EditProfilePage.swift */,
			);
			path = PageViews;
			sourceTree = "<group>";
		};
		A0A2743D2C206F9400515B28 /* ViewModel */ = {
			isa = PBXGroup;
			children = (
				A0A2743E2C206FB800515B28 /* HomePageViewModel.swift */,
				A0A274472C207D9600515B28 /* LogInViewModel.swift */,
			);
			path = ViewModel;
			sourceTree = "<group>";
		};
		A0A274402C20701600515B28 /* NetworkManager */ = {
			isa = PBXGroup;
			children = (
				A0A274412C20704E00515B28 /* AccountsNetworkManager.swift */,
				A0A274432C20721E00515B28 /* AuthenticationNetworkManager.swift */,
			);
			path = NetworkManager;
			sourceTree = "<group>";
		};
/* End PBXGroup section */

/* Begin PBXNativeTarget section */
		A00F19B62C1DB9CA007BACE1 /* BankingApp_IOS */ = {
			isa = PBXNativeTarget;
			buildConfigurationList = A00F19DB2C1DB9CC007BACE1 /* Build configuration list for PBXNativeTarget "BankingApp_IOS" */;
			buildPhases = (
				A00F19B32C1DB9CA007BACE1 /* Sources */,
				A00F19B42C1DB9CA007BACE1 /* Frameworks */,
				A00F19B52C1DB9CA007BACE1 /* Resources */,
			);
			buildRules = (
			);
			dependencies = (
			);
			name = BankingApp_IOS;
			productName = BankingApp_IOS;
			productReference = A00F19B72C1DB9CA007BACE1 /* BankingApp_IOS.app */;
			productType = "com.apple.product-type.application";
		};
		A00F19C62C1DB9CC007BACE1 /* BankingApp_IOSTests */ = {
			isa = PBXNativeTarget;
			buildConfigurationList = A00F19DE2C1DB9CC007BACE1 /* Build configuration list for PBXNativeTarget "BankingApp_IOSTests" */;
			buildPhases = (
				A00F19C32C1DB9CC007BACE1 /* Sources */,
				A00F19C42C1DB9CC007BACE1 /* Frameworks */,
				A00F19C52C1DB9CC007BACE1 /* Resources */,
			);
			buildRules = (
			);
			dependencies = (
				A00F19C92C1DB9CC007BACE1 /* PBXTargetDependency */,
			);
			name = BankingApp_IOSTests;
			productName = BankingApp_IOSTests;
			productReference = A00F19C72C1DB9CC007BACE1 /* BankingApp_IOSTests.xctest */;
			productType = "com.apple.product-type.bundle.unit-test";
		};
		A00F19D02C1DB9CC007BACE1 /* BankingApp_IOSUITests */ = {
			isa = PBXNativeTarget;
			buildConfigurationList = A00F19E12C1DB9CC007BACE1 /* Build configuration list for PBXNativeTarget "BankingApp_IOSUITests" */;
			buildPhases = (
				A00F19CD2C1DB9CC007BACE1 /* Sources */,
				A00F19CE2C1DB9CC007BACE1 /* Frameworks */,
				A00F19CF2C1DB9CC007BACE1 /* Resources */,
			);
			buildRules = (
			);
			dependencies = (
				A00F19D32C1DB9CC007BACE1 /* PBXTargetDependency */,
			);
			name = BankingApp_IOSUITests;
			productName = BankingApp_IOSUITests;
			productReference = A00F19D12C1DB9CC007BACE1 /* BankingApp_IOSUITests.xctest */;
			productType = "com.apple.product-type.bundle.ui-testing";
		};
/* End PBXNativeTarget section */

/* Begin PBXProject section */
		A00F19AF2C1DB9CA007BACE1 /* Project object */ = {
			isa = PBXProject;
			attributes = {
				BuildIndependentTargetsInParallel = 1;
				LastSwiftUpdateCheck = 1540;
				LastUpgradeCheck = 1540;
				TargetAttributes = {
					A00F19B62C1DB9CA007BACE1 = {
						CreatedOnToolsVersion = 15.4;
					};
					A00F19C62C1DB9CC007BACE1 = {
						CreatedOnToolsVersion = 15.4;
						TestTargetID = A00F19B62C1DB9CA007BACE1;
					};
					A00F19D02C1DB9CC007BACE1 = {
						CreatedOnToolsVersion = 15.4;
						TestTargetID = A00F19B62C1DB9CA007BACE1;
					};
				};
			};
			buildConfigurationList = A00F19B22C1DB9CA007BACE1 /* Build configuration list for PBXProject "BankingApp_IOS" */;
			compatibilityVersion = "Xcode 14.0";
			developmentRegion = en;
			hasScannedForEncodings = 0;
			knownRegions = (
				en,
				Base,
			);
			mainGroup = A00F19AE2C1DB9CA007BACE1;
			productRefGroup = A00F19B82C1DB9CA007BACE1 /* Products */;
			projectDirPath = "";
			projectRoot = "";
			targets = (
				A00F19B62C1DB9CA007BACE1 /* BankingApp_IOS */,
				A00F19C62C1DB9CC007BACE1 /* BankingApp_IOSTests */,
				A00F19D02C1DB9CC007BACE1 /* BankingApp_IOSUITests */,
			);
		};
/* End PBXProject section */

/* Begin PBXResourcesBuildPhase section */
		A00F19B52C1DB9CA007BACE1 /* Resources */ = {
			isa = PBXResourcesBuildPhase;
			buildActionMask = 2147483647;
			files = (
				A00F19C22C1DB9CC007BACE1 /* Preview Assets.xcassets in Resources */,
				A00F19BF2C1DB9CC007BACE1 /* Assets.xcassets in Resources */,
			);
			runOnlyForDeploymentPostprocessing = 0;
		};
		A00F19C52C1DB9CC007BACE1 /* Resources */ = {
			isa = PBXResourcesBuildPhase;
			buildActionMask = 2147483647;
			files = (
			);
			runOnlyForDeploymentPostprocessing = 0;
		};
		A00F19CF2C1DB9CC007BACE1 /* Resources */ = {
			isa = PBXResourcesBuildPhase;
			buildActionMask = 2147483647;
			files = (
			);
			runOnlyForDeploymentPostprocessing = 0;
		};
/* End PBXResourcesBuildPhase section */

/* Begin PBXSourcesBuildPhase section */
		A00F19B32C1DB9CA007BACE1 /* Sources */ = {
			isa = PBXSourcesBuildPhase;
			buildActionMask = 2147483647;
			files = (
				A0A274572C25719100515B28 /* EditProfilePage.swift in Sources */,
				A0A274532C24758300515B28 /* WaintingForLocalAuthentication.swift in Sources */,
				A00F19ED2C1DC771007BACE1 /* AccountPreviewView.swift in Sources */,
				A0A274482C207D9600515B28 /* LogInViewModel.swift in Sources */,
				A0A274462C20742700515B28 /* NetworkError.swift in Sources */,
				A0A274502C24702300515B28 /* BiometricAuth.swift in Sources */,
				A0A2744E2C21A33B00515B28 /* CookieManager.swift in Sources */,
				A0A2743F2C206FB800515B28 /* HomePageViewModel.swift in Sources */,
				A00F19E82C1DC682007BACE1 /* AuthenticationPageView.swift in Sources */,
				A0A274422C20704E00515B28 /* AccountsNetworkManager.swift in Sources */,
				A0A274442C20721E00515B28 /* AuthenticationNetworkManager.swift in Sources */,
				A00F19BD2C1DB9CA007BACE1 /* ContentView.swift in Sources */,
				A00F19F12C1DD07A007BACE1 /* Models.swift in Sources */,
				A00F19EA2C1DC6E7007BACE1 /* ProfilePageView.swift in Sources */,
				A00F19EF2C1DCCF4007BACE1 /* LogInPageView.swift in Sources */,
				A00F19E52C1DC494007BACE1 /* HomePageView.swift in Sources */,
				A0A2744C2C208A6B00515B28 /* AuthenticationContextHolder.swift in Sources */,
				A0A2744A2C20877200515B28 /* LoadingSpinner.swift in Sources */,
				A0A274552C25585700515B28 /* AccountPage.swift in Sources */,
				A00F19BB2C1DB9CA007BACE1 /* BankingApp_IOSApp.swift in Sources */,
			);
			runOnlyForDeploymentPostprocessing = 0;
		};
		A00F19C32C1DB9CC007BACE1 /* Sources */ = {
			isa = PBXSourcesBuildPhase;
			buildActionMask = 2147483647;
			files = (
				A00F19CC2C1DB9CC007BACE1 /* BankingApp_IOSTests.swift in Sources */,
			);
			runOnlyForDeploymentPostprocessing = 0;
		};
		A00F19CD2C1DB9CC007BACE1 /* Sources */ = {
			isa = PBXSourcesBuildPhase;
			buildActionMask = 2147483647;
			files = (
				A00F19D62C1DB9CC007BACE1 /* BankingApp_IOSUITests.swift in Sources */,
				A00F19D82C1DB9CC007BACE1 /* BankingApp_IOSUITestsLaunchTests.swift in Sources */,
			);
			runOnlyForDeploymentPostprocessing = 0;
		};
/* End PBXSourcesBuildPhase section */

/* Begin PBXTargetDependency section */
		A00F19C92C1DB9CC007BACE1 /* PBXTargetDependency */ = {
			isa = PBXTargetDependency;
			target = A00F19B62C1DB9CA007BACE1 /* BankingApp_IOS */;
			targetProxy = A00F19C82C1DB9CC007BACE1 /* PBXContainerItemProxy */;
		};
		A00F19D32C1DB9CC007BACE1 /* PBXTargetDependency */ = {
			isa = PBXTargetDependency;
			target = A00F19B62C1DB9CA007BACE1 /* BankingApp_IOS */;
			targetProxy = A00F19D22C1DB9CC007BACE1 /* PBXContainerItemProxy */;
		};
/* End PBXTargetDependency section */

/* Begin XCBuildConfiguration section */
		A00F19D92C1DB9CC007BACE1 /* Debug */ = {
			isa = XCBuildConfiguration;
			buildSettings = {
				ALWAYS_SEARCH_USER_PATHS = NO;
				ASSETCATALOG_COMPILER_GENERATE_SWIFT_ASSET_SYMBOL_EXTENSIONS = YES;
				CLANG_ANALYZER_NONNULL = YES;
				CLANG_ANALYZER_NUMBER_OBJECT_CONVERSION = YES_AGGRESSIVE;
				CLANG_CXX_LANGUAGE_STANDARD = "gnu++20";
				CLANG_ENABLE_MODULES = YES;
				CLANG_ENABLE_OBJC_ARC = YES;
				CLANG_ENABLE_OBJC_WEAK = YES;
				CLANG_WARN_BLOCK_CAPTURE_AUTORELEASING = YES;
				CLANG_WARN_BOOL_CONVERSION = YES;
				CLANG_WARN_COMMA = YES;
				CLANG_WARN_CONSTANT_CONVERSION = YES;
				CLANG_WARN_DEPRECATED_OBJC_IMPLEMENTATIONS = YES;
				CLANG_WARN_DIRECT_OBJC_ISA_USAGE = YES_ERROR;
				CLANG_WARN_DOCUMENTATION_COMMENTS = YES;
				CLANG_WARN_EMPTY_BODY = YES;
				CLANG_WARN_ENUM_CONVERSION = YES;
				CLANG_WARN_INFINITE_RECURSION = YES;
				CLANG_WARN_INT_CONVERSION = YES;
				CLANG_WARN_NON_LITERAL_NULL_CONVERSION = YES;
				CLANG_WARN_OBJC_IMPLICIT_RETAIN_SELF = YES;
				CLANG_WARN_OBJC_LITERAL_CONVERSION = YES;
				CLANG_WARN_OBJC_ROOT_CLASS = YES_ERROR;
				CLANG_WARN_QUOTED_INCLUDE_IN_FRAMEWORK_HEADER = YES;
				CLANG_WARN_RANGE_LOOP_ANALYSIS = YES;
				CLANG_WARN_STRICT_PROTOTYPES = YES;
				CLANG_WARN_SUSPICIOUS_MOVE = YES;
				CLANG_WARN_UNGUARDED_AVAILABILITY = YES_AGGRESSIVE;
				CLANG_WARN_UNREACHABLE_CODE = YES;
				CLANG_WARN__DUPLICATE_METHOD_MATCH = YES;
				COPY_PHASE_STRIP = NO;
				DEBUG_INFORMATION_FORMAT = dwarf;
				ENABLE_STRICT_OBJC_MSGSEND = YES;
				ENABLE_TESTABILITY = YES;
				ENABLE_USER_SCRIPT_SANDBOXING = YES;
				GCC_C_LANGUAGE_STANDARD = gnu17;
				GCC_DYNAMIC_NO_PIC = NO;
				GCC_NO_COMMON_BLOCKS = YES;
				GCC_OPTIMIZATION_LEVEL = 0;
				GCC_PREPROCESSOR_DEFINITIONS = (
					"DEBUG=1",
					"$(inherited)",
				);
				GCC_WARN_64_TO_32_BIT_CONVERSION = YES;
				GCC_WARN_ABOUT_RETURN_TYPE = YES_ERROR;
				GCC_WARN_UNDECLARED_SELECTOR = YES;
				GCC_WARN_UNINITIALIZED_AUTOS = YES_AGGRESSIVE;
				GCC_WARN_UNUSED_FUNCTION = YES;
				GCC_WARN_UNUSED_VARIABLE = YES;
				IPHONEOS_DEPLOYMENT_TARGET = 17.5;
				LOCALIZATION_PREFERS_STRING_CATALOGS = YES;
				MTL_ENABLE_DEBUG_INFO = INCLUDE_SOURCE;
				MTL_FAST_MATH = YES;
				ONLY_ACTIVE_ARCH = YES;
				SDKROOT = iphoneos;
				SWIFT_ACTIVE_COMPILATION_CONDITIONS = "DEBUG $(inherited)";
				SWIFT_OPTIMIZATION_LEVEL = "-Onone";
			};
			name = Debug;
		};
		A00F19DA2C1DB9CC007BACE1 /* Release */ = {
			isa = XCBuildConfiguration;
			buildSettings = {
				ALWAYS_SEARCH_USER_PATHS = NO;
				ASSETCATALOG_COMPILER_GENERATE_SWIFT_ASSET_SYMBOL_EXTENSIONS = YES;
				CLANG_ANALYZER_NONNULL = YES;
				CLANG_ANALYZER_NUMBER_OBJECT_CONVERSION = YES_AGGRESSIVE;
				CLANG_CXX_LANGUAGE_STANDARD = "gnu++20";
				CLANG_ENABLE_MODULES = YES;
				CLANG_ENABLE_OBJC_ARC = YES;
				CLANG_ENABLE_OBJC_WEAK = YES;
				CLANG_WARN_BLOCK_CAPTURE_AUTORELEASING = YES;
				CLANG_WARN_BOOL_CONVERSION = YES;
				CLANG_WARN_COMMA = YES;
				CLANG_WARN_CONSTANT_CONVERSION = YES;
				CLANG_WARN_DEPRECATED_OBJC_IMPLEMENTATIONS = YES;
				CLANG_WARN_DIRECT_OBJC_ISA_USAGE = YES_ERROR;
				CLANG_WARN_DOCUMENTATION_COMMENTS = YES;
				CLANG_WARN_EMPTY_BODY = YES;
				CLANG_WARN_ENUM_CONVERSION = YES;
				CLANG_WARN_INFINITE_RECURSION = YES;
				CLANG_WARN_INT_CONVERSION = YES;
				CLANG_WARN_NON_LITERAL_NULL_CONVERSION = YES;
				CLANG_WARN_OBJC_IMPLICIT_RETAIN_SELF = YES;
				CLANG_WARN_OBJC_LITERAL_CONVERSION = YES;
				CLANG_WARN_OBJC_ROOT_CLASS = YES_ERROR;
				CLANG_WARN_QUOTED_INCLUDE_IN_FRAMEWORK_HEADER = YES;
				CLANG_WARN_RANGE_LOOP_ANALYSIS = YES;
				CLANG_WARN_STRICT_PROTOTYPES = YES;
				CLANG_WARN_SUSPICIOUS_MOVE = YES;
				CLANG_WARN_UNGUARDED_AVAILABILITY = YES_AGGRESSIVE;
				CLANG_WARN_UNREACHABLE_CODE = YES;
				CLANG_WARN__DUPLICATE_METHOD_MATCH = YES;
				COPY_PHASE_STRIP = NO;
				DEBUG_INFORMATION_FORMAT = "dwarf-with-dsym";
				ENABLE_NS_ASSERTIONS = NO;
				ENABLE_STRICT_OBJC_MSGSEND = YES;
				ENABLE_USER_SCRIPT_SANDBOXING = YES;
				GCC_C_LANGUAGE_STANDARD = gnu17;
				GCC_NO_COMMON_BLOCKS = YES;
				GCC_WARN_64_TO_32_BIT_CONVERSION = YES;
				GCC_WARN_ABOUT_RETURN_TYPE = YES_ERROR;
				GCC_WARN_UNDECLARED_SELECTOR = YES;
				GCC_WARN_UNINITIALIZED_AUTOS = YES_AGGRESSIVE;
				GCC_WARN_UNUSED_FUNCTION = YES;
				GCC_WARN_UNUSED_VARIABLE = YES;
				IPHONEOS_DEPLOYMENT_TARGET = 17.5;
				LOCALIZATION_PREFERS_STRING_CATALOGS = YES;
				MTL_ENABLE_DEBUG_INFO = NO;
				MTL_FAST_MATH = YES;
				SDKROOT = iphoneos;
				SWIFT_COMPILATION_MODE = wholemodule;
				VALIDATE_PRODUCT = YES;
			};
			name = Release;
		};
		A00F19DC2C1DB9CC007BACE1 /* Debug */ = {
			isa = XCBuildConfiguration;
			buildSettings = {
				ASSETCATALOG_COMPILER_APPICON_NAME = AppIcon;
				ASSETCATALOG_COMPILER_GLOBAL_ACCENT_COLOR_NAME = AccentColor;
				CODE_SIGN_STYLE = Automatic;
				CURRENT_PROJECT_VERSION = 1;
				DEVELOPMENT_ASSET_PATHS = "\"BankingApp_IOS/Preview Content\"";
				ENABLE_PREVIEWS = YES;
				GENERATE_INFOPLIST_FILE = YES;
				INFOPLIST_FILE = "BankingApp-IOS-Info.plist";
				INFOPLIST_KEY_UIApplicationSceneManifest_Generation = YES;
				INFOPLIST_KEY_UIApplicationSupportsIndirectInputEvents = YES;
				INFOPLIST_KEY_UILaunchScreen_Generation = YES;
				INFOPLIST_KEY_UISupportedInterfaceOrientations_iPad = "UIInterfaceOrientationPortrait UIInterfaceOrientationPortraitUpsideDown UIInterfaceOrientationLandscapeLeft UIInterfaceOrientationLandscapeRight";
				INFOPLIST_KEY_UISupportedInterfaceOrientations_iPhone = "UIInterfaceOrientationPortrait UIInterfaceOrientationLandscapeLeft UIInterfaceOrientationLandscapeRight";
				LD_RUNPATH_SEARCH_PATHS = (
					"$(inherited)",
					"@executable_path/Frameworks",
				);
				MARKETING_VERSION = 1.0;
				PRODUCT_BUNDLE_IDENTIFIER = "com.hermes.BankingApp-IOS";
				PRODUCT_NAME = "$(TARGET_NAME)";
				SWIFT_EMIT_LOC_STRINGS = YES;
				SWIFT_VERSION = 5.0;
				TARGETED_DEVICE_FAMILY = "1,2";
			};
			name = Debug;
		};
		A00F19DD2C1DB9CC007BACE1 /* Release */ = {
			isa = XCBuildConfiguration;
			buildSettings = {
				ASSETCATALOG_COMPILER_APPICON_NAME = AppIcon;
				ASSETCATALOG_COMPILER_GLOBAL_ACCENT_COLOR_NAME = AccentColor;
				CODE_SIGN_STYLE = Automatic;
				CURRENT_PROJECT_VERSION = 1;
				DEVELOPMENT_ASSET_PATHS = "\"BankingApp_IOS/Preview Content\"";
				ENABLE_PREVIEWS = YES;
				GENERATE_INFOPLIST_FILE = YES;
				INFOPLIST_FILE = "BankingApp-IOS-Info.plist";
				INFOPLIST_KEY_UIApplicationSceneManifest_Generation = YES;
				INFOPLIST_KEY_UIApplicationSupportsIndirectInputEvents = YES;
				INFOPLIST_KEY_UILaunchScreen_Generation = YES;
				INFOPLIST_KEY_UISupportedInterfaceOrientations_iPad = "UIInterfaceOrientationPortrait UIInterfaceOrientationPortraitUpsideDown UIInterfaceOrientationLandscapeLeft UIInterfaceOrientationLandscapeRight";
				INFOPLIST_KEY_UISupportedInterfaceOrientations_iPhone = "UIInterfaceOrientationPortrait UIInterfaceOrientationLandscapeLeft UIInterfaceOrientationLandscapeRight";
				LD_RUNPATH_SEARCH_PATHS = (
					"$(inherited)",
					"@executable_path/Frameworks",
				);
				MARKETING_VERSION = 1.0;
				PRODUCT_BUNDLE_IDENTIFIER = "com.hermes.BankingApp-IOS";
				PRODUCT_NAME = "$(TARGET_NAME)";
				SWIFT_EMIT_LOC_STRINGS = YES;
				SWIFT_VERSION = 5.0;
				TARGETED_DEVICE_FAMILY = "1,2";
			};
			name = Release;
		};
		A00F19DF2C1DB9CC007BACE1 /* Debug */ = {
			isa = XCBuildConfiguration;
			buildSettings = {
				ALWAYS_EMBED_SWIFT_STANDARD_LIBRARIES = YES;
				BUNDLE_LOADER = "$(TEST_HOST)";
				CODE_SIGN_STYLE = Automatic;
				CURRENT_PROJECT_VERSION = 1;
				GENERATE_INFOPLIST_FILE = YES;
				IPHONEOS_DEPLOYMENT_TARGET = 17.5;
				MARKETING_VERSION = 1.0;
				PRODUCT_BUNDLE_IDENTIFIER = "com.hermes.BankingApp-IOSTests";
				PRODUCT_NAME = "$(TARGET_NAME)";
				SWIFT_EMIT_LOC_STRINGS = NO;
				SWIFT_VERSION = 5.0;
				TARGETED_DEVICE_FAMILY = "1,2";
				TEST_HOST = "$(BUILT_PRODUCTS_DIR)/BankingApp_IOS.app/$(BUNDLE_EXECUTABLE_FOLDER_PATH)/BankingApp_IOS";
			};
			name = Debug;
		};
		A00F19E02C1DB9CC007BACE1 /* Release */ = {
			isa = XCBuildConfiguration;
			buildSettings = {
				ALWAYS_EMBED_SWIFT_STANDARD_LIBRARIES = YES;
				BUNDLE_LOADER = "$(TEST_HOST)";
				CODE_SIGN_STYLE = Automatic;
				CURRENT_PROJECT_VERSION = 1;
				GENERATE_INFOPLIST_FILE = YES;
				IPHONEOS_DEPLOYMENT_TARGET = 17.5;
				MARKETING_VERSION = 1.0;
				PRODUCT_BUNDLE_IDENTIFIER = "com.hermes.BankingApp-IOSTests";
				PRODUCT_NAME = "$(TARGET_NAME)";
				SWIFT_EMIT_LOC_STRINGS = NO;
				SWIFT_VERSION = 5.0;
				TARGETED_DEVICE_FAMILY = "1,2";
				TEST_HOST = "$(BUILT_PRODUCTS_DIR)/BankingApp_IOS.app/$(BUNDLE_EXECUTABLE_FOLDER_PATH)/BankingApp_IOS";
			};
			name = Release;
		};
		A00F19E22C1DB9CC007BACE1 /* Debug */ = {
			isa = XCBuildConfiguration;
			buildSettings = {
				ALWAYS_EMBED_SWIFT_STANDARD_LIBRARIES = YES;
				CODE_SIGN_STYLE = Automatic;
				CURRENT_PROJECT_VERSION = 1;
				GENERATE_INFOPLIST_FILE = YES;
				MARKETING_VERSION = 1.0;
				PRODUCT_BUNDLE_IDENTIFIER = "com.hermes.BankingApp-IOSUITests";
				PRODUCT_NAME = "$(TARGET_NAME)";
				SWIFT_EMIT_LOC_STRINGS = NO;
				SWIFT_VERSION = 5.0;
				TARGETED_DEVICE_FAMILY = "1,2";
				TEST_TARGET_NAME = BankingApp_IOS;
			};
			name = Debug;
		};
		A00F19E32C1DB9CC007BACE1 /* Release */ = {
			isa = XCBuildConfiguration;
			buildSettings = {
				ALWAYS_EMBED_SWIFT_STANDARD_LIBRARIES = YES;
				CODE_SIGN_STYLE = Automatic;
				CURRENT_PROJECT_VERSION = 1;
				GENERATE_INFOPLIST_FILE = YES;
				MARKETING_VERSION = 1.0;
				PRODUCT_BUNDLE_IDENTIFIER = "com.hermes.BankingApp-IOSUITests";
				PRODUCT_NAME = "$(TARGET_NAME)";
				SWIFT_EMIT_LOC_STRINGS = NO;
				SWIFT_VERSION = 5.0;
				TARGETED_DEVICE_FAMILY = "1,2";
				TEST_TARGET_NAME = BankingApp_IOS;
			};
			name = Release;
		};
/* End XCBuildConfiguration section */

/* Begin XCConfigurationList section */
		A00F19B22C1DB9CA007BACE1 /* Build configuration list for PBXProject "BankingApp_IOS" */ = {
			isa = XCConfigurationList;
			buildConfigurations = (
				A00F19D92C1DB9CC007BACE1 /* Debug */,
				A00F19DA2C1DB9CC007BACE1 /* Release */,
			);
			defaultConfigurationIsVisible = 0;
			defaultConfigurationName = Release;
		};
		A00F19DB2C1DB9CC007BACE1 /* Build configuration list for PBXNativeTarget "BankingApp_IOS" */ = {
			isa = XCConfigurationList;
			buildConfigurations = (
				A00F19DC2C1DB9CC007BACE1 /* Debug */,
				A00F19DD2C1DB9CC007BACE1 /* Release */,
			);
			defaultConfigurationIsVisible = 0;
			defaultConfigurationName = Release;
		};
		A00F19DE2C1DB9CC007BACE1 /* Build configuration list for PBXNativeTarget "BankingApp_IOSTests" */ = {
			isa = XCConfigurationList;
			buildConfigurations = (
				A00F19DF2C1DB9CC007BACE1 /* Debug */,
				A00F19E02C1DB9CC007BACE1 /* Release */,
			);
			defaultConfigurationIsVisible = 0;
			defaultConfigurationName = Release;
		};
		A00F19E12C1DB9CC007BACE1 /* Build configuration list for PBXNativeTarget "BankingApp_IOSUITests" */ = {
			isa = XCConfigurationList;
			buildConfigurations = (
				A00F19E22C1DB9CC007BACE1 /* Debug */,
				A00F19E32C1DB9CC007BACE1 /* Release */,
			);
			defaultConfigurationIsVisible = 0;
			defaultConfigurationName = Release;
		};
/* End XCConfigurationList section */
	};
	rootObject = A00F19AF2C1DB9CA007BACE1 /* Project object */;
}
